// !$*UTF8*$!
{
	archiveVersion = 1;
	classes = {
	};
	objectVersion = 56;
	objects = {

/* Begin PBXBuildFile section */
		D83F0F732C7B86A400D33029 /* HomeViewModel.swift in Sources */ = {isa = PBXBuildFile; fileRef = D83F0F722C7B86A400D33029 /* HomeViewModel.swift */; };
		D83F0F762C7B875E00D33029 /* FInishedViewModel.swift in Sources */ = {isa = PBXBuildFile; fileRef = D83F0F752C7B875E00D33029 /* FInishedViewModel.swift */; };
		D86588A72C7A0A8C001BD835 /* fun_appApp.swift in Sources */ = {isa = PBXBuildFile; fileRef = D86588A62C7A0A8C001BD835 /* fun_appApp.swift */; };
		D86588AD2C7A0A8C001BD835 /* Assets.xcassets in Resources */ = {isa = PBXBuildFile; fileRef = D86588AC2C7A0A8C001BD835 /* Assets.xcassets */; };
		D86588B02C7A0A8C001BD835 /* Preview Assets.xcassets in Resources */ = {isa = PBXBuildFile; fileRef = D86588AF2C7A0A8C001BD835 /* Preview Assets.xcassets */; };
		D86588BA2C7A0A8D001BD835 /* fun_appTests.swift in Sources */ = {isa = PBXBuildFile; fileRef = D86588B92C7A0A8D001BD835 /* fun_appTests.swift */; };
		D86588C42C7A0A8D001BD835 /* fun_appUITests.swift in Sources */ = {isa = PBXBuildFile; fileRef = D86588C32C7A0A8D001BD835 /* fun_appUITests.swift */; };
		D86588C62C7A0A8D001BD835 /* fun_appUITestsLaunchTests.swift in Sources */ = {isa = PBXBuildFile; fileRef = D86588C52C7A0A8D001BD835 /* fun_appUITestsLaunchTests.swift */; };
		D86588D32C7AFA29001BD835 /* GoogleService-Info.plist in Resources */ = {isa = PBXBuildFile; fileRef = D86588D22C7AFA29001BD835 /* GoogleService-Info.plist */; };
		D86588D62C7AFB1A001BD835 /* FirebaseAnalytics in Frameworks */ = {isa = PBXBuildFile; productRef = D86588D52C7AFB1A001BD835 /* FirebaseAnalytics */; };
		D86588D82C7AFB1A001BD835 /* FirebaseDatabase in Frameworks */ = {isa = PBXBuildFile; productRef = D86588D72C7AFB1A001BD835 /* FirebaseDatabase */; };
		D86588DC2C7AFE3F001BD835 /* Repository.swift in Sources */ = {isa = PBXBuildFile; fileRef = D86588DB2C7AFE3F001BD835 /* Repository.swift */; };
		D86588DE2C7B1927001BD835 /* FirebaseFirestore in Frameworks */ = {isa = PBXBuildFile; productRef = D86588DD2C7B1927001BD835 /* FirebaseFirestore */; };
		D86588E02C7B1927001BD835 /* FirebaseFirestoreCombine-Community in Frameworks */ = {isa = PBXBuildFile; productRef = D86588DF2C7B1927001BD835 /* FirebaseFirestoreCombine-Community */; };
		D885767B2C7B7E4500AFF4C3 /* AddItemView.swift in Sources */ = {isa = PBXBuildFile; fileRef = D88576792C7B7E4500AFF4C3 /* AddItemView.swift */; };
		D885767C2C7B7E4500AFF4C3 /* AddItemViewModel.swift in Sources */ = {isa = PBXBuildFile; fileRef = D885767A2C7B7E4500AFF4C3 /* AddItemViewModel.swift */; };
		D8A7E9362C7B29BC00162EAE /* DebugView.swift in Sources */ = {isa = PBXBuildFile; fileRef = D8A7E9352C7B29BC00162EAE /* DebugView.swift */; };
		D8A7E9382C7B29F900162EAE /* DebugViewModel.swift in Sources */ = {isa = PBXBuildFile; fileRef = D8A7E9372C7B29F900162EAE /* DebugViewModel.swift */; };
		D95B6A722C7B5D7A0047D052 /* fun-app-Info.plist in Resources */ = {isa = PBXBuildFile; fileRef = D95B6A712C7B5D7A0047D052 /* fun-app-Info.plist */; };
		D97712332C7B096900B63CD9 /* HomeView.swift in Sources */ = {isa = PBXBuildFile; fileRef = D97712322C7B096900B63CD9 /* HomeView.swift */; };
		D977126F2C7B11CB00B63CD9 /* StandByView.swift in Sources */ = {isa = PBXBuildFile; fileRef = D977126E2C7B11CA00B63CD9 /* StandByView.swift */; };
		D9AD7F3C2C7B597E0006ECA7 /* ARViewController.swift in Sources */ = {isa = PBXBuildFile; fileRef = D9AD7F3B2C7B597E0006ECA7 /* ARViewController.swift */; };
		D9AD7F3F2C7B59B00006ECA7 /* ScreenSpaceComponent.swift in Sources */ = {isa = PBXBuildFile; fileRef = D9AD7F3E2C7B59B00006ECA7 /* ScreenSpaceComponent.swift */; };
		D9AD7F422C7B59D20006ECA7 /* StickyNoteEntity.swift in Sources */ = {isa = PBXBuildFile; fileRef = D9AD7F412C7B59D20006ECA7 /* StickyNoteEntity.swift */; };
		D9AD7F452C7B59F40006ECA7 /* ViewController+Gestures.swift in Sources */ = {isa = PBXBuildFile; fileRef = D9AD7F442C7B59F40006ECA7 /* ViewController+Gestures.swift */; };
		D9AD7F482C7B5A1D0006ECA7 /* SIMD+Helpers.swift in Sources */ = {isa = PBXBuildFile; fileRef = D9AD7F472C7B5A1D0006ECA7 /* SIMD+Helpers.swift */; };
		D9AD7F4A2C7B5A3B0006ECA7 /* UIView+Helpers.swift in Sources */ = {isa = PBXBuildFile; fileRef = D9AD7F492C7B5A3B0006ECA7 /* UIView+Helpers.swift */; };
		D9AD7F4D2C7B5A5B0006ECA7 /* GradientView.swift in Sources */ = {isa = PBXBuildFile; fileRef = D9AD7F4C2C7B5A5B0006ECA7 /* GradientView.swift */; };
		D9AD7F4F2C7B5A6A0006ECA7 /* StickyNoteView.swift in Sources */ = {isa = PBXBuildFile; fileRef = D9AD7F4E2C7B5A6A0006ECA7 /* StickyNoteView.swift */; };
		D9AD7F512C7B5A7C0006ECA7 /* ViewController+OverlayUI.swift in Sources */ = {isa = PBXBuildFile; fileRef = D9AD7F502C7B5A7C0006ECA7 /* ViewController+OverlayUI.swift */; };
		D9AD7F532C7B5AA40006ECA7 /* GameView.swift in Sources */ = {isa = PBXBuildFile; fileRef = D9AD7F522C7B5AA40006ECA7 /* GameView.swift */; };
		D9BC87082C7B289B0072C3A2 /* StandByViewModel.swift in Sources */ = {isa = PBXBuildFile; fileRef = D9BC87072C7B289B0072C3A2 /* StandByViewModel.swift */; };
		D9BC870C2C7B3C930072C3A2 /* FinishedView.swift in Sources */ = {isa = PBXBuildFile; fileRef = D9BC870B2C7B3C930072C3A2 /* FinishedView.swift */; };
		FFC3EAFA2C7F512D008D4BC3 /* GameViewModel.swift in Sources */ = {isa = PBXBuildFile; fileRef = FFC3EAF92C7F512A008D4BC3 /* GameViewModel.swift */; };
/* End PBXBuildFile section */

/* Begin PBXContainerItemProxy section */
		D86588B62C7A0A8D001BD835 /* PBXContainerItemProxy */ = {
			isa = PBXContainerItemProxy;
			containerPortal = D865889B2C7A0A8C001BD835 /* Project object */;
			proxyType = 1;
			remoteGlobalIDString = D86588A22C7A0A8C001BD835;
			remoteInfo = "fun app";
		};
		D86588C02C7A0A8D001BD835 /* PBXContainerItemProxy */ = {
			isa = PBXContainerItemProxy;
			containerPortal = D865889B2C7A0A8C001BD835 /* Project object */;
			proxyType = 1;
			remoteGlobalIDString = D86588A22C7A0A8C001BD835;
			remoteInfo = "fun app";
		};
/* End PBXContainerItemProxy section */

/* Begin PBXFileReference section */
		D83F0F722C7B86A400D33029 /* HomeViewModel.swift */ = {isa = PBXFileReference; lastKnownFileType = sourcecode.swift; path = HomeViewModel.swift; sourceTree = "<group>"; };
		D83F0F752C7B875E00D33029 /* FInishedViewModel.swift */ = {isa = PBXFileReference; lastKnownFileType = sourcecode.swift; path = FInishedViewModel.swift; sourceTree = "<group>"; };
		D86588A32C7A0A8C001BD835 /* fun app.app */ = {isa = PBXFileReference; explicitFileType = wrapper.application; includeInIndex = 0; path = "fun app.app"; sourceTree = BUILT_PRODUCTS_DIR; };
		D86588A62C7A0A8C001BD835 /* fun_appApp.swift */ = {isa = PBXFileReference; lastKnownFileType = sourcecode.swift; path = fun_appApp.swift; sourceTree = "<group>"; };
		D86588AC2C7A0A8C001BD835 /* Assets.xcassets */ = {isa = PBXFileReference; lastKnownFileType = folder.assetcatalog; path = Assets.xcassets; sourceTree = "<group>"; };
		D86588AF2C7A0A8C001BD835 /* Preview Assets.xcassets */ = {isa = PBXFileReference; lastKnownFileType = folder.assetcatalog; path = "Preview Assets.xcassets"; sourceTree = "<group>"; };
		D86588B52C7A0A8D001BD835 /* fun appTests.xctest */ = {isa = PBXFileReference; explicitFileType = wrapper.cfbundle; includeInIndex = 0; path = "fun appTests.xctest"; sourceTree = BUILT_PRODUCTS_DIR; };
		D86588B92C7A0A8D001BD835 /* fun_appTests.swift */ = {isa = PBXFileReference; lastKnownFileType = sourcecode.swift; path = fun_appTests.swift; sourceTree = "<group>"; };
		D86588BF2C7A0A8D001BD835 /* fun appUITests.xctest */ = {isa = PBXFileReference; explicitFileType = wrapper.cfbundle; includeInIndex = 0; path = "fun appUITests.xctest"; sourceTree = BUILT_PRODUCTS_DIR; };
		D86588C32C7A0A8D001BD835 /* fun_appUITests.swift */ = {isa = PBXFileReference; lastKnownFileType = sourcecode.swift; path = fun_appUITests.swift; sourceTree = "<group>"; };
		D86588C52C7A0A8D001BD835 /* fun_appUITestsLaunchTests.swift */ = {isa = PBXFileReference; lastKnownFileType = sourcecode.swift; path = fun_appUITestsLaunchTests.swift; sourceTree = "<group>"; };
		D86588D22C7AFA29001BD835 /* GoogleService-Info.plist */ = {isa = PBXFileReference; fileEncoding = 4; lastKnownFileType = text.plist.xml; path = "GoogleService-Info.plist"; sourceTree = SOURCE_ROOT; };
		D86588DB2C7AFE3F001BD835 /* Repository.swift */ = {isa = PBXFileReference; lastKnownFileType = sourcecode.swift; path = Repository.swift; sourceTree = "<group>"; };
		D88576792C7B7E4500AFF4C3 /* AddItemView.swift */ = {isa = PBXFileReference; fileEncoding = 4; lastKnownFileType = sourcecode.swift; name = AddItemView.swift; path = "fun app/AddItemView.swift"; sourceTree = SOURCE_ROOT; };
		D885767A2C7B7E4500AFF4C3 /* AddItemViewModel.swift */ = {isa = PBXFileReference; fileEncoding = 4; lastKnownFileType = sourcecode.swift; name = AddItemViewModel.swift; path = "fun app/AddItemViewModel.swift"; sourceTree = SOURCE_ROOT; };
		D8A7E9352C7B29BC00162EAE /* DebugView.swift */ = {isa = PBXFileReference; lastKnownFileType = sourcecode.swift; path = DebugView.swift; sourceTree = "<group>"; };
		D8A7E9372C7B29F900162EAE /* DebugViewModel.swift */ = {isa = PBXFileReference; lastKnownFileType = sourcecode.swift; path = DebugViewModel.swift; sourceTree = "<group>"; };
		D95B6A712C7B5D7A0047D052 /* fun-app-Info.plist */ = {isa = PBXFileReference; fileEncoding = 4; lastKnownFileType = text.plist.xml; path = "fun-app-Info.plist"; sourceTree = SOURCE_ROOT; };
		D97712322C7B096900B63CD9 /* HomeView.swift */ = {isa = PBXFileReference; lastKnownFileType = sourcecode.swift; path = HomeView.swift; sourceTree = "<group>"; };
		D977126E2C7B11CA00B63CD9 /* StandByView.swift */ = {isa = PBXFileReference; lastKnownFileType = sourcecode.swift; path = StandByView.swift; sourceTree = "<group>"; };
		D9AD7F3B2C7B597E0006ECA7 /* ARViewController.swift */ = {isa = PBXFileReference; lastKnownFileType = sourcecode.swift; path = ARViewController.swift; sourceTree = "<group>"; };
		D9AD7F3E2C7B59B00006ECA7 /* ScreenSpaceComponent.swift */ = {isa = PBXFileReference; lastKnownFileType = sourcecode.swift; path = ScreenSpaceComponent.swift; sourceTree = "<group>"; };
		D9AD7F412C7B59D20006ECA7 /* StickyNoteEntity.swift */ = {isa = PBXFileReference; lastKnownFileType = sourcecode.swift; path = StickyNoteEntity.swift; sourceTree = "<group>"; };
		D9AD7F442C7B59F40006ECA7 /* ViewController+Gestures.swift */ = {isa = PBXFileReference; lastKnownFileType = sourcecode.swift; path = "ViewController+Gestures.swift"; sourceTree = "<group>"; };
		D9AD7F472C7B5A1D0006ECA7 /* SIMD+Helpers.swift */ = {isa = PBXFileReference; lastKnownFileType = sourcecode.swift; path = "SIMD+Helpers.swift"; sourceTree = "<group>"; };
		D9AD7F492C7B5A3B0006ECA7 /* UIView+Helpers.swift */ = {isa = PBXFileReference; lastKnownFileType = sourcecode.swift; path = "UIView+Helpers.swift"; sourceTree = "<group>"; };
		D9AD7F4C2C7B5A5B0006ECA7 /* GradientView.swift */ = {isa = PBXFileReference; lastKnownFileType = sourcecode.swift; path = GradientView.swift; sourceTree = "<group>"; };
		D9AD7F4E2C7B5A6A0006ECA7 /* StickyNoteView.swift */ = {isa = PBXFileReference; lastKnownFileType = sourcecode.swift; path = StickyNoteView.swift; sourceTree = "<group>"; };
		D9AD7F502C7B5A7C0006ECA7 /* ViewController+OverlayUI.swift */ = {isa = PBXFileReference; lastKnownFileType = sourcecode.swift; path = "ViewController+OverlayUI.swift"; sourceTree = "<group>"; };
		D9AD7F522C7B5AA40006ECA7 /* GameView.swift */ = {isa = PBXFileReference; lastKnownFileType = sourcecode.swift; path = GameView.swift; sourceTree = "<group>"; };
		D9BC87072C7B289B0072C3A2 /* StandByViewModel.swift */ = {isa = PBXFileReference; lastKnownFileType = sourcecode.swift; path = StandByViewModel.swift; sourceTree = "<group>"; };
		D9BC870B2C7B3C930072C3A2 /* FinishedView.swift */ = {isa = PBXFileReference; lastKnownFileType = sourcecode.swift; path = FinishedView.swift; sourceTree = "<group>"; };
		FFC3EAF92C7F512A008D4BC3 /* GameViewModel.swift */ = {isa = PBXFileReference; lastKnownFileType = sourcecode.swift; path = GameViewModel.swift; sourceTree = "<group>"; };
/* End PBXFileReference section */

/* Begin PBXFrameworksBuildPhase section */
		D86588A02C7A0A8C001BD835 /* Frameworks */ = {
			isa = PBXFrameworksBuildPhase;
			buildActionMask = 2147483647;
			files = (
				D86588D82C7AFB1A001BD835 /* FirebaseDatabase in Frameworks */,
				D86588E02C7B1927001BD835 /* FirebaseFirestoreCombine-Community in Frameworks */,
				D86588D62C7AFB1A001BD835 /* FirebaseAnalytics in Frameworks */,
				D86588DE2C7B1927001BD835 /* FirebaseFirestore in Frameworks */,
			);
			runOnlyForDeploymentPostprocessing = 0;
		};
		D86588B22C7A0A8D001BD835 /* Frameworks */ = {
			isa = PBXFrameworksBuildPhase;
			buildActionMask = 2147483647;
			files = (
			);
			runOnlyForDeploymentPostprocessing = 0;
		};
		D86588BC2C7A0A8D001BD835 /* Frameworks */ = {
			isa = PBXFrameworksBuildPhase;
			buildActionMask = 2147483647;
			files = (
			);
			runOnlyForDeploymentPostprocessing = 0;
		};
/* End PBXFrameworksBuildPhase section */

/* Begin PBXGroup section */
		D83F0F702C7B80ED00D33029 /* standby */ = {
			isa = PBXGroup;
			children = (
				D977126E2C7B11CA00B63CD9 /* StandByView.swift */,
				D9BC87072C7B289B0072C3A2 /* StandByViewModel.swift */,
			);
			path = standby;
			sourceTree = "<group>";
		};
		D83F0F742C7B86E200D33029 /* home */ = {
			isa = PBXGroup;
			children = (
				D83F0F722C7B86A400D33029 /* HomeViewModel.swift */,
				D97712322C7B096900B63CD9 /* HomeView.swift */,
			);
			path = home;
			sourceTree = "<group>";
		};
		D865889A2C7A0A8C001BD835 = {
			isa = PBXGroup;
			children = (
				D86588A52C7A0A8C001BD835 /* fun app */,
				D86588B82C7A0A8D001BD835 /* fun appTests */,
				D86588C22C7A0A8D001BD835 /* fun appUITests */,
				D86588A42C7A0A8C001BD835 /* Products */,
			);
			sourceTree = "<group>";
		};
		D86588A42C7A0A8C001BD835 /* Products */ = {
			isa = PBXGroup;
			children = (
				D86588A32C7A0A8C001BD835 /* fun app.app */,
				D86588B52C7A0A8D001BD835 /* fun appTests.xctest */,
				D86588BF2C7A0A8D001BD835 /* fun appUITests.xctest */,
			);
			name = Products;
			sourceTree = "<group>";
		};
		D86588A52C7A0A8C001BD835 /* fun app */ = {
			isa = PBXGroup;
			children = (
				FFC3EAF82C7F511B008D4BC3 /* Game */,
				D83F0F742C7B86E200D33029 /* home */,
				D83F0F702C7B80ED00D33029 /* standby */,
				D88576782C7B7E0C00AFF4C3 /* debug */,
				D95B6A712C7B5D7A0047D052 /* fun-app-Info.plist */,
				D9AD7F3A2C7B596B0006ECA7 /* AR */,
				D86588D22C7AFA29001BD835 /* GoogleService-Info.plist */,
				D86588A62C7A0A8C001BD835 /* fun_appApp.swift */,
				D86588AC2C7A0A8C001BD835 /* Assets.xcassets */,
				D86588AE2C7A0A8C001BD835 /* Preview Content */,
				D86588DB2C7AFE3F001BD835 /* Repository.swift */,
				D9BC870B2C7B3C930072C3A2 /* FinishedView.swift */,
				D83F0F752C7B875E00D33029 /* FInishedViewModel.swift */,
			);
			path = "fun app";
			sourceTree = "<group>";
		};
		D86588AE2C7A0A8C001BD835 /* Preview Content */ = {
			isa = PBXGroup;
			children = (
				D86588AF2C7A0A8C001BD835 /* Preview Assets.xcassets */,
			);
			path = "Preview Content";
			sourceTree = "<group>";
		};
		D86588B82C7A0A8D001BD835 /* fun appTests */ = {
			isa = PBXGroup;
			children = (
				D86588B92C7A0A8D001BD835 /* fun_appTests.swift */,
			);
			path = "fun appTests";
			sourceTree = "<group>";
		};
		D86588C22C7A0A8D001BD835 /* fun appUITests */ = {
			isa = PBXGroup;
			children = (
				D86588C32C7A0A8D001BD835 /* fun_appUITests.swift */,
				D86588C52C7A0A8D001BD835 /* fun_appUITestsLaunchTests.swift */,
			);
			path = "fun appUITests";
			sourceTree = "<group>";
		};
		D88576782C7B7E0C00AFF4C3 /* debug */ = {
			isa = PBXGroup;
			children = (
				D88576792C7B7E4500AFF4C3 /* AddItemView.swift */,
				D885767A2C7B7E4500AFF4C3 /* AddItemViewModel.swift */,
				D8A7E9352C7B29BC00162EAE /* DebugView.swift */,
				D8A7E9372C7B29F900162EAE /* DebugViewModel.swift */,
			);
			path = debug;
			sourceTree = "<group>";
		};
		D9AD7F3A2C7B596B0006ECA7 /* AR */ = {
			isa = PBXGroup;
			children = (
				D9AD7F4B2C7B5A470006ECA7 /* Views */,
				D9AD7F462C7B5A060006ECA7 /* Utilities */,
				D9AD7F432C7B59E10006ECA7 /* Gestures */,
				D9AD7F402C7B59C30006ECA7 /* Entities */,
				D9AD7F3D2C7B598F0006ECA7 /* Components */,
				D9AD7F3B2C7B597E0006ECA7 /* ARViewController.swift */,
			);
			path = AR;
			sourceTree = "<group>";
		};
		D9AD7F3D2C7B598F0006ECA7 /* Components */ = {
			isa = PBXGroup;
			children = (
				D9AD7F3E2C7B59B00006ECA7 /* ScreenSpaceComponent.swift */,
			);
			path = Components;
			sourceTree = "<group>";
		};
		D9AD7F402C7B59C30006ECA7 /* Entities */ = {
			isa = PBXGroup;
			children = (
				D9AD7F412C7B59D20006ECA7 /* StickyNoteEntity.swift */,
			);
			path = Entities;
			sourceTree = "<group>";
		};
		D9AD7F432C7B59E10006ECA7 /* Gestures */ = {
			isa = PBXGroup;
			children = (
				D9AD7F442C7B59F40006ECA7 /* ViewController+Gestures.swift */,
			);
			path = Gestures;
			sourceTree = "<group>";
		};
		D9AD7F462C7B5A060006ECA7 /* Utilities */ = {
			isa = PBXGroup;
			children = (
				D9AD7F472C7B5A1D0006ECA7 /* SIMD+Helpers.swift */,
				D9AD7F492C7B5A3B0006ECA7 /* UIView+Helpers.swift */,
			);
			path = Utilities;
			sourceTree = "<group>";
		};
		D9AD7F4B2C7B5A470006ECA7 /* Views */ = {
			isa = PBXGroup;
			children = (
				D9AD7F4C2C7B5A5B0006ECA7 /* GradientView.swift */,
				D9AD7F4E2C7B5A6A0006ECA7 /* StickyNoteView.swift */,
				D9AD7F502C7B5A7C0006ECA7 /* ViewController+OverlayUI.swift */,
			);
			path = Views;
			sourceTree = "<group>";
		};
		FFC3EAF82C7F511B008D4BC3 /* Game */ = {
			isa = PBXGroup;
			children = (
				FFC3EAF92C7F512A008D4BC3 /* GameViewModel.swift */,
				D9AD7F522C7B5AA40006ECA7 /* GameView.swift */,
			);
			path = Game;
			sourceTree = "<group>";
		};
/* End PBXGroup section */

/* Begin PBXNativeTarget section */
		D86588A22C7A0A8C001BD835 /* fun app */ = {
			isa = PBXNativeTarget;
			buildConfigurationList = D86588C92C7A0A8D001BD835 /* Build configuration list for PBXNativeTarget "fun app" */;
			buildPhases = (
				D865889F2C7A0A8C001BD835 /* Sources */,
				D86588A02C7A0A8C001BD835 /* Frameworks */,
				D86588A12C7A0A8C001BD835 /* Resources */,
			);
			buildRules = (
			);
			dependencies = (
			);
			name = "fun app";
			packageProductDependencies = (
				D86588D52C7AFB1A001BD835 /* FirebaseAnalytics */,
				D86588D72C7AFB1A001BD835 /* FirebaseDatabase */,
				D86588DD2C7B1927001BD835 /* FirebaseFirestore */,
				D86588DF2C7B1927001BD835 /* FirebaseFirestoreCombine-Community */,
			);
			productName = "fun app";
			productReference = D86588A32C7A0A8C001BD835 /* fun app.app */;
			productType = "com.apple.product-type.application";
		};
		D86588B42C7A0A8D001BD835 /* fun appTests */ = {
			isa = PBXNativeTarget;
			buildConfigurationList = D86588CC2C7A0A8D001BD835 /* Build configuration list for PBXNativeTarget "fun appTests" */;
			buildPhases = (
				D86588B12C7A0A8D001BD835 /* Sources */,
				D86588B22C7A0A8D001BD835 /* Frameworks */,
				D86588B32C7A0A8D001BD835 /* Resources */,
			);
			buildRules = (
			);
			dependencies = (
				D86588B72C7A0A8D001BD835 /* PBXTargetDependency */,
			);
			name = "fun appTests";
			productName = "fun appTests";
			productReference = D86588B52C7A0A8D001BD835 /* fun appTests.xctest */;
			productType = "com.apple.product-type.bundle.unit-test";
		};
		D86588BE2C7A0A8D001BD835 /* fun appUITests */ = {
			isa = PBXNativeTarget;
			buildConfigurationList = D86588CF2C7A0A8D001BD835 /* Build configuration list for PBXNativeTarget "fun appUITests" */;
			buildPhases = (
				D86588BB2C7A0A8D001BD835 /* Sources */,
				D86588BC2C7A0A8D001BD835 /* Frameworks */,
				D86588BD2C7A0A8D001BD835 /* Resources */,
			);
			buildRules = (
			);
			dependencies = (
				D86588C12C7A0A8D001BD835 /* PBXTargetDependency */,
			);
			name = "fun appUITests";
			productName = "fun appUITests";
			productReference = D86588BF2C7A0A8D001BD835 /* fun appUITests.xctest */;
			productType = "com.apple.product-type.bundle.ui-testing";
		};
/* End PBXNativeTarget section */

/* Begin PBXProject section */
		D865889B2C7A0A8C001BD835 /* Project object */ = {
			isa = PBXProject;
			attributes = {
				BuildIndependentTargetsInParallel = 1;
				LastSwiftUpdateCheck = 1540;
				LastUpgradeCheck = 1540;
				TargetAttributes = {
					D86588A22C7A0A8C001BD835 = {
						CreatedOnToolsVersion = 15.4;
					};
					D86588B42C7A0A8D001BD835 = {
						CreatedOnToolsVersion = 15.4;
						TestTargetID = D86588A22C7A0A8C001BD835;
					};
					D86588BE2C7A0A8D001BD835 = {
						CreatedOnToolsVersion = 15.4;
						TestTargetID = D86588A22C7A0A8C001BD835;
					};
				};
			};
			buildConfigurationList = D865889E2C7A0A8C001BD835 /* Build configuration list for PBXProject "fun app" */;
			compatibilityVersion = "Xcode 14.0";
			developmentRegion = en;
			hasScannedForEncodings = 0;
			knownRegions = (
				en,
				Base,
			);
			mainGroup = D865889A2C7A0A8C001BD835;
			packageReferences = (
				D86588D42C7AFB1A001BD835 /* XCRemoteSwiftPackageReference "firebase-ios-sdk" */,
			);
			productRefGroup = D86588A42C7A0A8C001BD835 /* Products */;
			projectDirPath = "";
			projectRoot = "";
			targets = (
				D86588A22C7A0A8C001BD835 /* fun app */,
				D86588B42C7A0A8D001BD835 /* fun appTests */,
				D86588BE2C7A0A8D001BD835 /* fun appUITests */,
			);
		};
/* End PBXProject section */

/* Begin PBXResourcesBuildPhase section */
		D86588A12C7A0A8C001BD835 /* Resources */ = {
			isa = PBXResourcesBuildPhase;
			buildActionMask = 2147483647;
			files = (
				D95B6A722C7B5D7A0047D052 /* fun-app-Info.plist in Resources */,
				D86588B02C7A0A8C001BD835 /* Preview Assets.xcassets in Resources */,
				D86588AD2C7A0A8C001BD835 /* Assets.xcassets in Resources */,
				D86588D32C7AFA29001BD835 /* GoogleService-Info.plist in Resources */,
			);
			runOnlyForDeploymentPostprocessing = 0;
		};
		D86588B32C7A0A8D001BD835 /* Resources */ = {
			isa = PBXResourcesBuildPhase;
			buildActionMask = 2147483647;
			files = (
			);
			runOnlyForDeploymentPostprocessing = 0;
		};
		D86588BD2C7A0A8D001BD835 /* Resources */ = {
			isa = PBXResourcesBuildPhase;
			buildActionMask = 2147483647;
			files = (
			);
			runOnlyForDeploymentPostprocessing = 0;
		};
/* End PBXResourcesBuildPhase section */

/* Begin PBXSourcesBuildPhase section */
		D865889F2C7A0A8C001BD835 /* Sources */ = {
			isa = PBXSourcesBuildPhase;
			buildActionMask = 2147483647;
			files = (
				D9AD7F482C7B5A1D0006ECA7 /* SIMD+Helpers.swift in Sources */,
				D8A7E9382C7B29F900162EAE /* DebugViewModel.swift in Sources */,
				D83F0F762C7B875E00D33029 /* FInishedViewModel.swift in Sources */,
				D9AD7F422C7B59D20006ECA7 /* StickyNoteEntity.swift in Sources */,
				D9AD7F4D2C7B5A5B0006ECA7 /* GradientView.swift in Sources */,
				D86588DC2C7AFE3F001BD835 /* Repository.swift in Sources */,
				D9AD7F4A2C7B5A3B0006ECA7 /* UIView+Helpers.swift in Sources */,
				D9AD7F3F2C7B59B00006ECA7 /* ScreenSpaceComponent.swift in Sources */,
				D8A7E9362C7B29BC00162EAE /* DebugView.swift in Sources */,
				FFC3EAFA2C7F512D008D4BC3 /* GameViewModel.swift in Sources */,
				D977126F2C7B11CB00B63CD9 /* StandByView.swift in Sources */,
				D9BC870C2C7B3C930072C3A2 /* FinishedView.swift in Sources */,
				D885767C2C7B7E4500AFF4C3 /* AddItemViewModel.swift in Sources */,
				D97712332C7B096900B63CD9 /* HomeView.swift in Sources */,
				D9AD7F452C7B59F40006ECA7 /* ViewController+Gestures.swift in Sources */,
				D9AD7F532C7B5AA40006ECA7 /* GameView.swift in Sources */,
				D9BC87082C7B289B0072C3A2 /* StandByViewModel.swift in Sources */,
				D9AD7F4F2C7B5A6A0006ECA7 /* StickyNoteView.swift in Sources */,
				D83F0F732C7B86A400D33029 /* HomeViewModel.swift in Sources */,
				D9AD7F512C7B5A7C0006ECA7 /* ViewController+OverlayUI.swift in Sources */,
				D885767B2C7B7E4500AFF4C3 /* AddItemView.swift in Sources */,
				D86588A72C7A0A8C001BD835 /* fun_appApp.swift in Sources */,
				D9AD7F3C2C7B597E0006ECA7 /* ARViewController.swift in Sources */,
			);
			runOnlyForDeploymentPostprocessing = 0;
		};
		D86588B12C7A0A8D001BD835 /* Sources */ = {
			isa = PBXSourcesBuildPhase;
			buildActionMask = 2147483647;
			files = (
				D86588BA2C7A0A8D001BD835 /* fun_appTests.swift in Sources */,
			);
			runOnlyForDeploymentPostprocessing = 0;
		};
		D86588BB2C7A0A8D001BD835 /* Sources */ = {
			isa = PBXSourcesBuildPhase;
			buildActionMask = 2147483647;
			files = (
				D86588C62C7A0A8D001BD835 /* fun_appUITestsLaunchTests.swift in Sources */,
				D86588C42C7A0A8D001BD835 /* fun_appUITests.swift in Sources */,
			);
			runOnlyForDeploymentPostprocessing = 0;
		};
/* End PBXSourcesBuildPhase section */

/* Begin PBXTargetDependency section */
		D86588B72C7A0A8D001BD835 /* PBXTargetDependency */ = {
			isa = PBXTargetDependency;
			target = D86588A22C7A0A8C001BD835 /* fun app */;
			targetProxy = D86588B62C7A0A8D001BD835 /* PBXContainerItemProxy */;
		};
		D86588C12C7A0A8D001BD835 /* PBXTargetDependency */ = {
			isa = PBXTargetDependency;
			target = D86588A22C7A0A8C001BD835 /* fun app */;
			targetProxy = D86588C02C7A0A8D001BD835 /* PBXContainerItemProxy */;
		};
/* End PBXTargetDependency section */

/* Begin XCBuildConfiguration section */
		D86588C72C7A0A8D001BD835 /* Debug */ = {
			isa = XCBuildConfiguration;
			buildSettings = {
				ALWAYS_SEARCH_USER_PATHS = NO;
				ASSETCATALOG_COMPILER_GENERATE_SWIFT_ASSET_SYMBOL_EXTENSIONS = YES;
				CLANG_ANALYZER_NONNULL = YES;
				CLANG_ANALYZER_NUMBER_OBJECT_CONVERSION = YES_AGGRESSIVE;
				CLANG_CXX_LANGUAGE_STANDARD = "gnu++20";
				CLANG_ENABLE_MODULES = YES;
				CLANG_ENABLE_OBJC_ARC = YES;
				CLANG_ENABLE_OBJC_WEAK = YES;
				CLANG_WARN_BLOCK_CAPTURE_AUTORELEASING = YES;
				CLANG_WARN_BOOL_CONVERSION = YES;
				CLANG_WARN_COMMA = YES;
				CLANG_WARN_CONSTANT_CONVERSION = YES;
				CLANG_WARN_DEPRECATED_OBJC_IMPLEMENTATIONS = YES;
				CLANG_WARN_DIRECT_OBJC_ISA_USAGE = YES_ERROR;
				CLANG_WARN_DOCUMENTATION_COMMENTS = YES;
				CLANG_WARN_EMPTY_BODY = YES;
				CLANG_WARN_ENUM_CONVERSION = YES;
				CLANG_WARN_INFINITE_RECURSION = YES;
				CLANG_WARN_INT_CONVERSION = YES;
				CLANG_WARN_NON_LITERAL_NULL_CONVERSION = YES;
				CLANG_WARN_OBJC_IMPLICIT_RETAIN_SELF = YES;
				CLANG_WARN_OBJC_LITERAL_CONVERSION = YES;
				CLANG_WARN_OBJC_ROOT_CLASS = YES_ERROR;
				CLANG_WARN_QUOTED_INCLUDE_IN_FRAMEWORK_HEADER = YES;
				CLANG_WARN_RANGE_LOOP_ANALYSIS = YES;
				CLANG_WARN_STRICT_PROTOTYPES = YES;
				CLANG_WARN_SUSPICIOUS_MOVE = YES;
				CLANG_WARN_UNGUARDED_AVAILABILITY = YES_AGGRESSIVE;
				CLANG_WARN_UNREACHABLE_CODE = YES;
				CLANG_WARN__DUPLICATE_METHOD_MATCH = YES;
				COPY_PHASE_STRIP = NO;
				DEBUG_INFORMATION_FORMAT = dwarf;
				ENABLE_STRICT_OBJC_MSGSEND = YES;
				ENABLE_TESTABILITY = YES;
				ENABLE_USER_SCRIPT_SANDBOXING = YES;
				GCC_C_LANGUAGE_STANDARD = gnu17;
				GCC_DYNAMIC_NO_PIC = NO;
				GCC_NO_COMMON_BLOCKS = YES;
				GCC_OPTIMIZATION_LEVEL = 0;
				GCC_PREPROCESSOR_DEFINITIONS = (
					"DEBUG=1",
					"$(inherited)",
				);
				GCC_WARN_64_TO_32_BIT_CONVERSION = YES;
				GCC_WARN_ABOUT_RETURN_TYPE = YES_ERROR;
				GCC_WARN_UNDECLARED_SELECTOR = YES;
				GCC_WARN_UNINITIALIZED_AUTOS = YES_AGGRESSIVE;
				GCC_WARN_UNUSED_FUNCTION = YES;
				GCC_WARN_UNUSED_VARIABLE = YES;
				IPHONEOS_DEPLOYMENT_TARGET = 17.5;
				LOCALIZATION_PREFERS_STRING_CATALOGS = YES;
				MTL_ENABLE_DEBUG_INFO = INCLUDE_SOURCE;
				MTL_FAST_MATH = YES;
				ONLY_ACTIVE_ARCH = YES;
				SDKROOT = iphoneos;
				SWIFT_ACTIVE_COMPILATION_CONDITIONS = "DEBUG $(inherited)";
				SWIFT_OPTIMIZATION_LEVEL = "-Onone";
			};
			name = Debug;
		};
		D86588C82C7A0A8D001BD835 /* Release */ = {
			isa = XCBuildConfiguration;
			buildSettings = {
				ALWAYS_SEARCH_USER_PATHS = NO;
				ASSETCATALOG_COMPILER_GENERATE_SWIFT_ASSET_SYMBOL_EXTENSIONS = YES;
				CLANG_ANALYZER_NONNULL = YES;
				CLANG_ANALYZER_NUMBER_OBJECT_CONVERSION = YES_AGGRESSIVE;
				CLANG_CXX_LANGUAGE_STANDARD = "gnu++20";
				CLANG_ENABLE_MODULES = YES;
				CLANG_ENABLE_OBJC_ARC = YES;
				CLANG_ENABLE_OBJC_WEAK = YES;
				CLANG_WARN_BLOCK_CAPTURE_AUTORELEASING = YES;
				CLANG_WARN_BOOL_CONVERSION = YES;
				CLANG_WARN_COMMA = YES;
				CLANG_WARN_CONSTANT_CONVERSION = YES;
				CLANG_WARN_DEPRECATED_OBJC_IMPLEMENTATIONS = YES;
				CLANG_WARN_DIRECT_OBJC_ISA_USAGE = YES_ERROR;
				CLANG_WARN_DOCUMENTATION_COMMENTS = YES;
				CLANG_WARN_EMPTY_BODY = YES;
				CLANG_WARN_ENUM_CONVERSION = YES;
				CLANG_WARN_INFINITE_RECURSION = YES;
				CLANG_WARN_INT_CONVERSION = YES;
				CLANG_WARN_NON_LITERAL_NULL_CONVERSION = YES;
				CLANG_WARN_OBJC_IMPLICIT_RETAIN_SELF = YES;
				CLANG_WARN_OBJC_LITERAL_CONVERSION = YES;
				CLANG_WARN_OBJC_ROOT_CLASS = YES_ERROR;
				CLANG_WARN_QUOTED_INCLUDE_IN_FRAMEWORK_HEADER = YES;
				CLANG_WARN_RANGE_LOOP_ANALYSIS = YES;
				CLANG_WARN_STRICT_PROTOTYPES = YES;
				CLANG_WARN_SUSPICIOUS_MOVE = YES;
				CLANG_WARN_UNGUARDED_AVAILABILITY = YES_AGGRESSIVE;
				CLANG_WARN_UNREACHABLE_CODE = YES;
				CLANG_WARN__DUPLICATE_METHOD_MATCH = YES;
				COPY_PHASE_STRIP = NO;
				DEBUG_INFORMATION_FORMAT = "dwarf-with-dsym";
				ENABLE_NS_ASSERTIONS = NO;
				ENABLE_STRICT_OBJC_MSGSEND = YES;
				ENABLE_USER_SCRIPT_SANDBOXING = YES;
				GCC_C_LANGUAGE_STANDARD = gnu17;
				GCC_NO_COMMON_BLOCKS = YES;
				GCC_WARN_64_TO_32_BIT_CONVERSION = YES;
				GCC_WARN_ABOUT_RETURN_TYPE = YES_ERROR;
				GCC_WARN_UNDECLARED_SELECTOR = YES;
				GCC_WARN_UNINITIALIZED_AUTOS = YES_AGGRESSIVE;
				GCC_WARN_UNUSED_FUNCTION = YES;
				GCC_WARN_UNUSED_VARIABLE = YES;
				IPHONEOS_DEPLOYMENT_TARGET = 17.5;
				LOCALIZATION_PREFERS_STRING_CATALOGS = YES;
				MTL_ENABLE_DEBUG_INFO = NO;
				MTL_FAST_MATH = YES;
				SDKROOT = iphoneos;
				SWIFT_COMPILATION_MODE = wholemodule;
				VALIDATE_PRODUCT = YES;
			};
			name = Release;
		};
		D86588CA2C7A0A8D001BD835 /* Debug */ = {
			isa = XCBuildConfiguration;
			buildSettings = {
				ASSETCATALOG_COMPILER_APPICON_NAME = AppIcon;
				ASSETCATALOG_COMPILER_GLOBAL_ACCENT_COLOR_NAME = AccentColor;
				CODE_SIGN_STYLE = Automatic;
				CURRENT_PROJECT_VERSION = 1;
				DEVELOPMENT_ASSET_PATHS = "\"fun app/Preview Content\"";
				DEVELOPMENT_TEAM = 679U29FZ6S;
				ENABLE_PREVIEWS = YES;
				GENERATE_INFOPLIST_FILE = YES;
				INFOPLIST_FILE = "fun-app-Info.plist";
				INFOPLIST_KEY_NSCameraUsageDescription = "カメラ使わせて";
				INFOPLIST_KEY_UIApplicationSceneManifest_Generation = YES;
				INFOPLIST_KEY_UIApplicationSupportsIndirectInputEvents = YES;
				INFOPLIST_KEY_UILaunchScreen_Generation = YES;
				INFOPLIST_KEY_UISupportedInterfaceOrientations_iPad = "UIInterfaceOrientationPortrait UIInterfaceOrientationPortraitUpsideDown UIInterfaceOrientationLandscapeLeft UIInterfaceOrientationLandscapeRight";
				INFOPLIST_KEY_UISupportedInterfaceOrientations_iPhone = "UIInterfaceOrientationPortrait UIInterfaceOrientationLandscapeLeft UIInterfaceOrientationLandscapeRight";
				LD_RUNPATH_SEARCH_PATHS = (
					"$(inherited)",
					"@executable_path/Frameworks",
				);
				MARKETING_VERSION = 1.0;
				PRODUCT_BUNDLE_IDENTIFIER = "kuu.systems.fun-app";
				PRODUCT_NAME = "$(TARGET_NAME)";
				SWIFT_EMIT_LOC_STRINGS = YES;
				SWIFT_VERSION = 5.0;
				TARGETED_DEVICE_FAMILY = "1,2";
			};
			name = Debug;
		};
		D86588CB2C7A0A8D001BD835 /* Release */ = {
			isa = XCBuildConfiguration;
			buildSettings = {
				ASSETCATALOG_COMPILER_APPICON_NAME = AppIcon;
				ASSETCATALOG_COMPILER_GLOBAL_ACCENT_COLOR_NAME = AccentColor;
				CODE_SIGN_STYLE = Automatic;
				CURRENT_PROJECT_VERSION = 1;
				DEVELOPMENT_ASSET_PATHS = "\"fun app/Preview Content\"";
				DEVELOPMENT_TEAM = 679U29FZ6S;
				ENABLE_PREVIEWS = YES;
				GENERATE_INFOPLIST_FILE = YES;
				INFOPLIST_FILE = "fun-app-Info.plist";
				INFOPLIST_KEY_NSCameraUsageDescription = "カメラ使わせて";
				INFOPLIST_KEY_UIApplicationSceneManifest_Generation = YES;
				INFOPLIST_KEY_UIApplicationSupportsIndirectInputEvents = YES;
				INFOPLIST_KEY_UILaunchScreen_Generation = YES;
				INFOPLIST_KEY_UISupportedInterfaceOrientations_iPad = "UIInterfaceOrientationPortrait UIInterfaceOrientationPortraitUpsideDown UIInterfaceOrientationLandscapeLeft UIInterfaceOrientationLandscapeRight";
				INFOPLIST_KEY_UISupportedInterfaceOrientations_iPhone = "UIInterfaceOrientationPortrait UIInterfaceOrientationLandscapeLeft UIInterfaceOrientationLandscapeRight";
				LD_RUNPATH_SEARCH_PATHS = (
					"$(inherited)",
					"@executable_path/Frameworks",
				);
				MARKETING_VERSION = 1.0;
				PRODUCT_BUNDLE_IDENTIFIER = "kuu.systems.fun-app";
				PRODUCT_NAME = "$(TARGET_NAME)";
				SWIFT_EMIT_LOC_STRINGS = YES;
				SWIFT_VERSION = 5.0;
				TARGETED_DEVICE_FAMILY = "1,2";
			};
			name = Release;
		};
		D86588CD2C7A0A8D001BD835 /* Debug */ = {
			isa = XCBuildConfiguration;
			buildSettings = {
				ALWAYS_EMBED_SWIFT_STANDARD_LIBRARIES = YES;
				BUNDLE_LOADER = "$(TEST_HOST)";
				CODE_SIGN_STYLE = Automatic;
				CURRENT_PROJECT_VERSION = 1;
				DEVELOPMENT_TEAM = R5YS6ZB47G;
				GENERATE_INFOPLIST_FILE = YES;
				IPHONEOS_DEPLOYMENT_TARGET = 17.5;
				MARKETING_VERSION = 1.0;
				PRODUCT_BUNDLE_IDENTIFIER = "kuu.systems.fun-appTests";
				PRODUCT_NAME = "$(TARGET_NAME)";
				SWIFT_EMIT_LOC_STRINGS = NO;
				SWIFT_VERSION = 5.0;
				TARGETED_DEVICE_FAMILY = "1,2";
				TEST_HOST = "$(BUILT_PRODUCTS_DIR)/fun app.app/$(BUNDLE_EXECUTABLE_FOLDER_PATH)/fun app";
			};
			name = Debug;
		};
		D86588CE2C7A0A8D001BD835 /* Release */ = {
			isa = XCBuildConfiguration;
			buildSettings = {
				ALWAYS_EMBED_SWIFT_STANDARD_LIBRARIES = YES;
				BUNDLE_LOADER = "$(TEST_HOST)";
				CODE_SIGN_STYLE = Automatic;
				CURRENT_PROJECT_VERSION = 1;
				DEVELOPMENT_TEAM = R5YS6ZB47G;
				GENERATE_INFOPLIST_FILE = YES;
				IPHONEOS_DEPLOYMENT_TARGET = 17.5;
				MARKETING_VERSION = 1.0;
				PRODUCT_BUNDLE_IDENTIFIER = "kuu.systems.fun-appTests";
				PRODUCT_NAME = "$(TARGET_NAME)";
				SWIFT_EMIT_LOC_STRINGS = NO;
				SWIFT_VERSION = 5.0;
				TARGETED_DEVICE_FAMILY = "1,2";
				TEST_HOST = "$(BUILT_PRODUCTS_DIR)/fun app.app/$(BUNDLE_EXECUTABLE_FOLDER_PATH)/fun app";
			};
			name = Release;
		};
		D86588D02C7A0A8D001BD835 /* Debug */ = {
			isa = XCBuildConfiguration;
			buildSettings = {
				ALWAYS_EMBED_SWIFT_STANDARD_LIBRARIES = YES;
				CODE_SIGN_STYLE = Automatic;
				CURRENT_PROJECT_VERSION = 1;
				DEVELOPMENT_TEAM = R5YS6ZB47G;
				GENERATE_INFOPLIST_FILE = YES;
				MARKETING_VERSION = 1.0;
				PRODUCT_BUNDLE_IDENTIFIER = "kuu.systems.fun-appUITests";
				PRODUCT_NAME = "$(TARGET_NAME)";
				SWIFT_EMIT_LOC_STRINGS = NO;
				SWIFT_VERSION = 5.0;
				TARGETED_DEVICE_FAMILY = "1,2";
				TEST_TARGET_NAME = "fun app";
			};
			name = Debug;
		};
		D86588D12C7A0A8D001BD835 /* Release */ = {
			isa = XCBuildConfiguration;
			buildSettings = {
				ALWAYS_EMBED_SWIFT_STANDARD_LIBRARIES = YES;
				CODE_SIGN_STYLE = Automatic;
				CURRENT_PROJECT_VERSION = 1;
				DEVELOPMENT_TEAM = R5YS6ZB47G;
				GENERATE_INFOPLIST_FILE = YES;
				MARKETING_VERSION = 1.0;
				PRODUCT_BUNDLE_IDENTIFIER = "kuu.systems.fun-appUITests";
				PRODUCT_NAME = "$(TARGET_NAME)";
				SWIFT_EMIT_LOC_STRINGS = NO;
				SWIFT_VERSION = 5.0;
				TARGETED_DEVICE_FAMILY = "1,2";
				TEST_TARGET_NAME = "fun app";
			};
			name = Release;
		};
/* End XCBuildConfiguration section */

/* Begin XCConfigurationList section */
		D865889E2C7A0A8C001BD835 /* Build configuration list for PBXProject "fun app" */ = {
			isa = XCConfigurationList;
			buildConfigurations = (
				D86588C72C7A0A8D001BD835 /* Debug */,
				D86588C82C7A0A8D001BD835 /* Release */,
			);
			defaultConfigurationIsVisible = 0;
			defaultConfigurationName = Release;
		};
		D86588C92C7A0A8D001BD835 /* Build configuration list for PBXNativeTarget "fun app" */ = {
			isa = XCConfigurationList;
			buildConfigurations = (
				D86588CA2C7A0A8D001BD835 /* Debug */,
				D86588CB2C7A0A8D001BD835 /* Release */,
			);
			defaultConfigurationIsVisible = 0;
			defaultConfigurationName = Release;
		};
		D86588CC2C7A0A8D001BD835 /* Build configuration list for PBXNativeTarget "fun appTests" */ = {
			isa = XCConfigurationList;
			buildConfigurations = (
				D86588CD2C7A0A8D001BD835 /* Debug */,
				D86588CE2C7A0A8D001BD835 /* Release */,
			);
			defaultConfigurationIsVisible = 0;
			defaultConfigurationName = Release;
		};
		D86588CF2C7A0A8D001BD835 /* Build configuration list for PBXNativeTarget "fun appUITests" */ = {
			isa = XCConfigurationList;
			buildConfigurations = (
				D86588D02C7A0A8D001BD835 /* Debug */,
				D86588D12C7A0A8D001BD835 /* Release */,
			);
			defaultConfigurationIsVisible = 0;
			defaultConfigurationName = Release;
		};
/* End XCConfigurationList section */

/* Begin XCRemoteSwiftPackageReference section */
		D86588D42C7AFB1A001BD835 /* XCRemoteSwiftPackageReference "firebase-ios-sdk" */ = {
			isa = XCRemoteSwiftPackageReference;
			repositoryURL = "https://github.com/firebase/firebase-ios-sdk";
			requirement = {
				kind = upToNextMajorVersion;
				minimumVersion = 11.1.0;
			};
		};
/* End XCRemoteSwiftPackageReference section */

/* Begin XCSwiftPackageProductDependency section */
		D86588D52C7AFB1A001BD835 /* FirebaseAnalytics */ = {
			isa = XCSwiftPackageProductDependency;
			package = D86588D42C7AFB1A001BD835 /* XCRemoteSwiftPackageReference "firebase-ios-sdk" */;
			productName = FirebaseAnalytics;
		};
		D86588D72C7AFB1A001BD835 /* FirebaseDatabase */ = {
			isa = XCSwiftPackageProductDependency;
			package = D86588D42C7AFB1A001BD835 /* XCRemoteSwiftPackageReference "firebase-ios-sdk" */;
			productName = FirebaseDatabase;
		};
		D86588DD2C7B1927001BD835 /* FirebaseFirestore */ = {
			isa = XCSwiftPackageProductDependency;
			package = D86588D42C7AFB1A001BD835 /* XCRemoteSwiftPackageReference "firebase-ios-sdk" */;
			productName = FirebaseFirestore;
		};
		D86588DF2C7B1927001BD835 /* FirebaseFirestoreCombine-Community */ = {
			isa = XCSwiftPackageProductDependency;
			package = D86588D42C7AFB1A001BD835 /* XCRemoteSwiftPackageReference "firebase-ios-sdk" */;
			productName = "FirebaseFirestoreCombine-Community";
		};
/* End XCSwiftPackageProductDependency section */
	};
	rootObject = D865889B2C7A0A8C001BD835 /* Project object */;
}
